
Microsoft Visual Studio Solution File, Format Version 12.00
# Visual Studio Version 16
VisualStudioVersion = 16.0.29519.87
MinimumVisualStudioVersion = 10.0.40219.1
Project("{9A19103F-16F7-4668-BE54-9A1E7A4F7556}") = "Dlid.MiHome", "Dlid.MiHome\Dlid.MiHome.csproj", "{50205E1C-0874-4CA7-8DC0-48CBDE4851B3}"
EndProject
Project("{9A19103F-16F7-4668-BE54-9A1E7A4F7556}") = "Dlid.MiHome.Tests", "Dlid.MiHome.Tests\Dlid.MiHome.Tests.csproj", "{40D71730-BDC4-4D17-B630-980C8D2F63C1}"
EndProject
Project("{9A19103F-16F7-4668-BE54-9A1E7A4F7556}") = "Dlid.MiHome.ExampleUI", "Dlid.MiHome.ExampleUI\Dlid.MiHome.ExampleUI.csproj", "{FBFA494B-7DF4-4137-B384-286E021BED30}"
EndProject
Global
	GlobalSection(SolutionConfigurationPlatforms) = preSolution
		Debug|Any CPU = Debug|Any CPU
		Release|Any CPU = Release|Any CPU
	EndGlobalSection
	GlobalSection(ProjectConfigurationPlatforms) = postSolution
		{50205E1C-0874-4CA7-8DC0-48CBDE4851B3}.Debug|Any CPU.ActiveCfg = Debug|Any CPU
		{50205E1C-0874-4CA7-8DC0-48CBDE4851B3}.Debug|Any CPU.Build.0 = Debug|Any CPU
		{50205E1C-0874-4CA7-8DC0-48CBDE4851B3}.Release|Any CPU.ActiveCfg = Release|Any CPU
		{50205E1C-0874-4CA7-8DC0-48CBDE4851B3}.Release|Any CPU.Build.0 = Release|Any CPU
		{40D71730-BDC4-4D17-B630-980C8D2F63C1}.Debug|Any CPU.ActiveCfg = Debug|Any CPU
		{40D71730-BDC4-4D17-B630-980C8D2F63C1}.Debug|Any CPU.Build.0 = Debug|Any CPU
		{40D71730-BDC4-4D17-B630-980C8D2F63C1}.Release|Any CPU.ActiveCfg = Release|Any CPU
		{40D71730-BDC4-4D17-B630-980C8D2F63C1}.Release|Any CPU.Build.0 = Release|Any CPU
		{FBFA494B-7DF4-4137-B384-286E021BED30}.Debug|Any CPU.ActiveCfg = Debug|Any CPU
		{FBFA494B-7DF4-4137-B384-286E021BED30}.Debug|Any CPU.Build.0 = Debug|Any CPU
		{FBFA494B-7DF4-4137-B384-286E021BED30}.Release|Any CPU.ActiveCfg = Release|Any CPU
		{FBFA494B-7DF4-4137-B384-286E021BED30}.Release|Any CPU.Build.0 = Release|Any CPU
	EndGlobalSection
	GlobalSection(SolutionProperties) = preSolution
		HideSolutionNode = FALSE
	EndGlobalSection
	GlobalSection(ExtensibilityGlobals) = postSolution
		SolutionGuid = {84C8B81A-B8A7-4217-8AE4-660E1545EAC0}
	EndGlobalSection
EndGlobal
